
Microsoft Visual Studio Solution File, Format Version 12.00
# Visual Studio Version 17
VisualStudioVersion = 17.9.34701.34
MinimumVisualStudioVersion = 10.0.40219.1
Project("{9A19103F-16F7-4668-BE54-9A1E7A4F7556}") = "MeroBook", "MeroBook\MeroBook.csproj", "{2B121BBF-556E-4897-8984-04EA0C9D076B}"
EndProject
Project("{FAE04EC0-301F-11D3-BF4B-00C04F79EFBC}") = "MeroBook.DataAccess", "MeroBook.DataAccess\MeroBook.DataAccess.csproj", "{C437AC41-7FCF-44B5-8BF6-3EC075411240}"
EndProject
Project("{FAE04EC0-301F-11D3-BF4B-00C04F79EFBC}") = "MeroBook.Models", "MeroBook.Models\MeroBook.Models.csproj", "{BE7A19E9-1F0E-4811-950B-CA5E49355065}"
EndProject
Project("{FAE04EC0-301F-11D3-BF4B-00C04F79EFBC}") = "MeroBook.Utility", "MeroBook.Utility\MeroBook.Utility.csproj", "{AA164999-D2D7-4F50-83BA-D6095FFAD650}"
EndProject
Global
	GlobalSection(SolutionConfigurationPlatforms) = preSolution
		Debug|Any CPU = Debug|Any CPU
		Release|Any CPU = Release|Any CPU
	EndGlobalSection
	GlobalSection(ProjectConfigurationPlatforms) = postSolution
		{2B121BBF-556E-4897-8984-04EA0C9D076B}.Debug|Any CPU.ActiveCfg = Debug|Any CPU
		{2B121BBF-556E-4897-8984-04EA0C9D076B}.Debug|Any CPU.Build.0 = Debug|Any CPU
		{2B121BBF-556E-4897-8984-04EA0C9D076B}.Release|Any CPU.ActiveCfg = Release|Any CPU
		{2B121BBF-556E-4897-8984-04EA0C9D076B}.Release|Any CPU.Build.0 = Release|Any CPU
		{C437AC41-7FCF-44B5-8BF6-3EC075411240}.Debug|Any CPU.ActiveCfg = Debug|Any CPU
		{C437AC41-7FCF-44B5-8BF6-3EC075411240}.Debug|Any CPU.Build.0 = Debug|Any CPU
		{C437AC41-7FCF-44B5-8BF6-3EC075411240}.Release|Any CPU.ActiveCfg = Release|Any CPU
		{C437AC41-7FCF-44B5-8BF6-3EC075411240}.Release|Any CPU.Build.0 = Release|Any CPU
		{BE7A19E9-1F0E-4811-950B-CA5E49355065}.Debug|Any CPU.ActiveCfg = Debug|Any CPU
		{BE7A19E9-1F0E-4811-950B-CA5E49355065}.Debug|Any CPU.Build.0 = Debug|Any CPU
		{BE7A19E9-1F0E-4811-950B-CA5E49355065}.Release|Any CPU.ActiveCfg = Release|Any CPU
		{BE7A19E9-1F0E-4811-950B-CA5E49355065}.Release|Any CPU.Build.0 = Release|Any CPU
		{AA164999-D2D7-4F50-83BA-D6095FFAD650}.Debug|Any CPU.ActiveCfg = Debug|Any CPU
		{AA164999-D2D7-4F50-83BA-D6095FFAD650}.Debug|Any CPU.Build.0 = Debug|Any CPU
		{AA164999-D2D7-4F50-83BA-D6095FFAD650}.Release|Any CPU.ActiveCfg = Release|Any CPU
		{AA164999-D2D7-4F50-83BA-D6095FFAD650}.Release|Any CPU.Build.0 = Release|Any CPU
	EndGlobalSection
	GlobalSection(SolutionProperties) = preSolution
		HideSolutionNode = FALSE
	EndGlobalSection
	GlobalSection(ExtensibilityGlobals) = postSolution
		SolutionGuid = {44BFF14F-155C-4687-B5A3-E7976985705F}
	EndGlobalSection
EndGlobal
